# THIS IS AN AUTOGENERATED FILE. DO NOT EDIT THIS FILE DIRECTLY.
# yarn lockfile v1


is-stream@^1.0.1:
  version "1.1.0"
  resolved "https://registry.yarnpkg.com/is-stream/-/is-stream-1.1.0.tgz#12d4a3dd4e68e0b79ceb8dbc84173ae80d91ca44"

pandoc@^0.2.0:
  version "0.2.0"
  resolved "https://registry.yarnpkg.com/pandoc/-/pandoc-0.2.0.tgz#897cf45d11e72ef6c5d7de667a7c30336c5d361b"

slang@>=0.2:
  version "0.3.0"
  resolved "https://registry.yarnpkg.com/slang/-/slang-0.3.0.tgz#13af75b4f0c018c6a8193d704f65b23be4fbabdc"

wkhtmltopdf@^0.3.4:
  version "0.3.4"
  resolved "https://registry.yarnpkg.com/wkhtmltopdf/-/wkhtmltopdf-0.3.4.tgz#e2db542a7dc2248032bf136754b5cdd7cf2815f0"
  dependencies:
    is-stream "^1.0.1"
    slang ">=0.2"
